
Microsoft Visual Studio Solution File, Format Version 11.00
# Visual Studio 2010
Project("{FAE04EC0-301F-11D3-BF4B-00C04F79EFBC}") = "Genetic Neural Network API", "Genetic Neural Network API\Genetic Neural Network API.csproj", "{6CF18D2B-2F2C-404D-A77E-3D7EB4DCC69B}"
EndProject
Project("{2150E333-8FDC-42A3-9474-1A3956D46DE8}") = "Solution Items", "Solution Items", "{A46131A9-799F-4F08-81B3-612C01A534B0}"
	ProjectSection(SolutionItems) = preProject
		Genetic Neural Network API.vsmdi = Genetic Neural Network API.vsmdi
		Local.testsettings = Local.testsettings
		TraceAndTestImpact.testsettings = TraceAndTestImpact.testsettings
	EndProjectSection
EndProject
Global
	GlobalSection(TestCaseManagementSettings) = postSolution
		CategoryFile = Genetic Neural Network API.vsmdi
	EndGlobalSection
	GlobalSection(SolutionConfigurationPlatforms) = preSolution
		Debug|Any CPU = Debug|Any CPU
		Debug|Mixed Platforms = Debug|Mixed Platforms
		Debug|x86 = Debug|x86
		Release|Any CPU = Release|Any CPU
		Release|Mixed Platforms = Release|Mixed Platforms
		Release|x86 = Release|x86
	EndGlobalSection
	GlobalSection(ProjectConfigurationPlatforms) = postSolution
		{6CF18D2B-2F2C-404D-A77E-3D7EB4DCC69B}.Debug|Any CPU.ActiveCfg = Debug|x86
		{6CF18D2B-2F2C-404D-A77E-3D7EB4DCC69B}.Debug|Mixed Platforms.ActiveCfg = Debug|x86
		{6CF18D2B-2F2C-404D-A77E-3D7EB4DCC69B}.Debug|Mixed Platforms.Build.0 = Debug|x86
		{6CF18D2B-2F2C-404D-A77E-3D7EB4DCC69B}.Debug|x86.ActiveCfg = Debug|x86
		{6CF18D2B-2F2C-404D-A77E-3D7EB4DCC69B}.Debug|x86.Build.0 = Debug|x86
		{6CF18D2B-2F2C-404D-A77E-3D7EB4DCC69B}.Release|Any CPU.ActiveCfg = Release|x86
		{6CF18D2B-2F2C-404D-A77E-3D7EB4DCC69B}.Release|Mixed Platforms.ActiveCfg = Release|x86
		{6CF18D2B-2F2C-404D-A77E-3D7EB4DCC69B}.Release|Mixed Platforms.Build.0 = Release|x86
		{6CF18D2B-2F2C-404D-A77E-3D7EB4DCC69B}.Release|x86.ActiveCfg = Release|x86
		{6CF18D2B-2F2C-404D-A77E-3D7EB4DCC69B}.Release|x86.Build.0 = Release|x86
	EndGlobalSection
	GlobalSection(SolutionProperties) = preSolution
		HideSolutionNode = FALSE
	EndGlobalSection
EndGlobal
